// !$*UTF8*$!
{
	archiveVersion = 1;
	classes = {
	};
	objectVersion = 50;
	objects = {

/* Begin PBXBuildFile section */
		2C1F3447224073A700AF28C3 /* Cat.swift in Sources */ = {isa = PBXBuildFile; fileRef = 2C1F3446224073A700AF28C3 /* Cat.swift */; };
		2C1F344922407BAA00AF28C3 /* Person.swift in Sources */ = {isa = PBXBuildFile; fileRef = 2C1F344822407BAA00AF28C3 /* Person.swift */; };
		2C1F344B224098A200AF28C3 /* TableViewCell.swift in Sources */ = {isa = PBXBuildFile; fileRef = 2C1F344A224098A200AF28C3 /* TableViewCell.swift */; };
		2C1F344D2240991200AF28C3 /* CatManageViewController.swift in Sources */ = {isa = PBXBuildFile; fileRef = 2C1F344C2240991200AF28C3 /* CatManageViewController.swift */; };
		2C1F344F22409C5600AF28C3 /* CatTableViewCell.swift in Sources */ = {isa = PBXBuildFile; fileRef = 2C1F344E22409C5600AF28C3 /* CatTableViewCell.swift */; };
		2C1F34512241DD9100AF28C3 /* RealmManager.swift in Sources */ = {isa = PBXBuildFile; fileRef = 2C1F34502241DD9100AF28C3 /* RealmManager.swift */; };
		2CA9811A223F296A00460B66 /* AppDelegate.swift in Sources */ = {isa = PBXBuildFile; fileRef = 2CA98119223F296A00460B66 /* AppDelegate.swift */; };
		2CA9811C223F296A00460B66 /* ViewController.swift in Sources */ = {isa = PBXBuildFile; fileRef = 2CA9811B223F296A00460B66 /* ViewController.swift */; };
		2CA9811F223F296A00460B66 /* Main.storyboard in Resources */ = {isa = PBXBuildFile; fileRef = 2CA9811D223F296A00460B66 /* Main.storyboard */; };
		2CA98121223F296D00460B66 /* Assets.xcassets in Resources */ = {isa = PBXBuildFile; fileRef = 2CA98120223F296D00460B66 /* Assets.xcassets */; };
		2CA98124223F296D00460B66 /* LaunchScreen.storyboard in Resources */ = {isa = PBXBuildFile; fileRef = 2CA98122223F296D00460B66 /* LaunchScreen.storyboard */; };
		2CA9812F223F296D00460B66 /* RealmDemoTests.swift in Sources */ = {isa = PBXBuildFile; fileRef = 2CA9812E223F296D00460B66 /* RealmDemoTests.swift */; };
		2CA9813A223F296D00460B66 /* RealmDemoUITests.swift in Sources */ = {isa = PBXBuildFile; fileRef = 2CA98139223F296D00460B66 /* RealmDemoUITests.swift */; };
		9F33580E599E845DD81404AF /* Pods_RealmDemoTests.framework in Frameworks */ = {isa = PBXBuildFile; fileRef = A7D57D66477EE42B3EB873F3 /* Pods_RealmDemoTests.framework */; };
		B73E880C44301F6DA5E3BD5E /* Pods_RealmDemoUITests.framework in Frameworks */ = {isa = PBXBuildFile; fileRef = C362EA8B9480C90401C3EF94 /* Pods_RealmDemoUITests.framework */; };
		EB688F2B011962ADEF3ADC3F /* Pods_RealmDemo.framework in Frameworks */ = {isa = PBXBuildFile; fileRef = E3395EC331ECA8FB8A74DF98 /* Pods_RealmDemo.framework */; };
/* End PBXBuildFile section */

/* Begin PBXContainerItemProxy section */
		2CA9812B223F296D00460B66 /* PBXContainerItemProxy */ = {
			isa = PBXContainerItemProxy;
			containerPortal = 2CA9810E223F296A00460B66 /* Project object */;
			proxyType = 1;
			remoteGlobalIDString = 2CA98115223F296A00460B66;
			remoteInfo = RealmDemo;
		};
		2CA98136223F296D00460B66 /* PBXContainerItemProxy */ = {
			isa = PBXContainerItemProxy;
			containerPortal = 2CA9810E223F296A00460B66 /* Project object */;
			proxyType = 1;
			remoteGlobalIDString = 2CA98115223F296A00460B66;
			remoteInfo = RealmDemo;
		};
/* End PBXContainerItemProxy section */

/* Begin PBXFileReference section */
		2C1F3446224073A700AF28C3 /* Cat.swift */ = {isa = PBXFileReference; lastKnownFileType = sourcecode.swift; path = Cat.swift; sourceTree = "<group>"; };
		2C1F344822407BAA00AF28C3 /* Person.swift */ = {isa = PBXFileReference; lastKnownFileType = sourcecode.swift; path = Person.swift; sourceTree = "<group>"; };
		2C1F344A224098A200AF28C3 /* TableViewCell.swift */ = {isa = PBXFileReference; lastKnownFileType = sourcecode.swift; path = TableViewCell.swift; sourceTree = "<group>"; };
		2C1F344C2240991200AF28C3 /* CatManageViewController.swift */ = {isa = PBXFileReference; lastKnownFileType = sourcecode.swift; path = CatManageViewController.swift; sourceTree = "<group>"; };
		2C1F344E22409C5600AF28C3 /* CatTableViewCell.swift */ = {isa = PBXFileReference; lastKnownFileType = sourcecode.swift; path = CatTableViewCell.swift; sourceTree = "<group>"; };
		2C1F34502241DD9100AF28C3 /* RealmManager.swift */ = {isa = PBXFileReference; lastKnownFileType = sourcecode.swift; path = RealmManager.swift; sourceTree = "<group>"; };
		2CA98116223F296A00460B66 /* RealmDemo.app */ = {isa = PBXFileReference; explicitFileType = wrapper.application; includeInIndex = 0; path = RealmDemo.app; sourceTree = BUILT_PRODUCTS_DIR; };
		2CA98119223F296A00460B66 /* AppDelegate.swift */ = {isa = PBXFileReference; lastKnownFileType = sourcecode.swift; path = AppDelegate.swift; sourceTree = "<group>"; };
		2CA9811B223F296A00460B66 /* ViewController.swift */ = {isa = PBXFileReference; lastKnownFileType = sourcecode.swift; path = ViewController.swift; sourceTree = "<group>"; };
		2CA9811E223F296A00460B66 /* Base */ = {isa = PBXFileReference; lastKnownFileType = file.storyboard; name = Base; path = Base.lproj/Main.storyboard; sourceTree = "<group>"; };
		2CA98120223F296D00460B66 /* Assets.xcassets */ = {isa = PBXFileReference; lastKnownFileType = folder.assetcatalog; path = Assets.xcassets; sourceTree = "<group>"; };
		2CA98123223F296D00460B66 /* Base */ = {isa = PBXFileReference; lastKnownFileType = file.storyboard; name = Base; path = Base.lproj/LaunchScreen.storyboard; sourceTree = "<group>"; };
		2CA98125223F296D00460B66 /* Info.plist */ = {isa = PBXFileReference; lastKnownFileType = text.plist.xml; path = Info.plist; sourceTree = "<group>"; };
		2CA9812A223F296D00460B66 /* RealmDemoTests.xctest */ = {isa = PBXFileReference; explicitFileType = wrapper.cfbundle; includeInIndex = 0; path = RealmDemoTests.xctest; sourceTree = BUILT_PRODUCTS_DIR; };
		2CA9812E223F296D00460B66 /* RealmDemoTests.swift */ = {isa = PBXFileReference; lastKnownFileType = sourcecode.swift; path = RealmDemoTests.swift; sourceTree = "<group>"; };
		2CA98130223F296D00460B66 /* Info.plist */ = {isa = PBXFileReference; lastKnownFileType = text.plist.xml; path = Info.plist; sourceTree = "<group>"; };
		2CA98135223F296D00460B66 /* RealmDemoUITests.xctest */ = {isa = PBXFileReference; explicitFileType = wrapper.cfbundle; includeInIndex = 0; path = RealmDemoUITests.xctest; sourceTree = BUILT_PRODUCTS_DIR; };
		2CA98139223F296D00460B66 /* RealmDemoUITests.swift */ = {isa = PBXFileReference; lastKnownFileType = sourcecode.swift; path = RealmDemoUITests.swift; sourceTree = "<group>"; };
		2CA9813B223F296D00460B66 /* Info.plist */ = {isa = PBXFileReference; lastKnownFileType = text.plist.xml; path = Info.plist; sourceTree = "<group>"; };
		5B35150BC908832A2752866F /* Pods-RealmDemoTests.release.xcconfig */ = {isa = PBXFileReference; includeInIndex = 1; lastKnownFileType = text.xcconfig; name = "Pods-RealmDemoTests.release.xcconfig"; path = "Pods/Target Support Files/Pods-RealmDemoTests/Pods-RealmDemoTests.release.xcconfig"; sourceTree = "<group>"; };
		96E5D858BF1AD55DD0FEF5F4 /* Pods-RealmDemo.release.xcconfig */ = {isa = PBXFileReference; includeInIndex = 1; lastKnownFileType = text.xcconfig; name = "Pods-RealmDemo.release.xcconfig"; path = "Pods/Target Support Files/Pods-RealmDemo/Pods-RealmDemo.release.xcconfig"; sourceTree = "<group>"; };
		A7D57D66477EE42B3EB873F3 /* Pods_RealmDemoTests.framework */ = {isa = PBXFileReference; explicitFileType = wrapper.framework; includeInIndex = 0; path = Pods_RealmDemoTests.framework; sourceTree = BUILT_PRODUCTS_DIR; };
		BDF091345122B2F5B6620432 /* Pods-RealmDemoUITests.debug.xcconfig */ = {isa = PBXFileReference; includeInIndex = 1; lastKnownFileType = text.xcconfig; name = "Pods-RealmDemoUITests.debug.xcconfig"; path = "Pods/Target Support Files/Pods-RealmDemoUITests/Pods-RealmDemoUITests.debug.xcconfig"; sourceTree = "<group>"; };
		C362EA8B9480C90401C3EF94 /* Pods_RealmDemoUITests.framework */ = {isa = PBXFileReference; explicitFileType = wrapper.framework; includeInIndex = 0; path = Pods_RealmDemoUITests.framework; sourceTree = BUILT_PRODUCTS_DIR; };
		D65BF7CD095ECD7F624C896B /* Pods-RealmDemoTests.debug.xcconfig */ = {isa = PBXFileReference; includeInIndex = 1; lastKnownFileType = text.xcconfig; name = "Pods-RealmDemoTests.debug.xcconfig"; path = "Pods/Target Support Files/Pods-RealmDemoTests/Pods-RealmDemoTests.debug.xcconfig"; sourceTree = "<group>"; };
		E3395EC331ECA8FB8A74DF98 /* Pods_RealmDemo.framework */ = {isa = PBXFileReference; explicitFileType = wrapper.framework; includeInIndex = 0; path = Pods_RealmDemo.framework; sourceTree = BUILT_PRODUCTS_DIR; };
		EB7BE05EA2EB98F362CC42A9 /* Pods-RealmDemo.debug.xcconfig */ = {isa = PBXFileReference; includeInIndex = 1; lastKnownFileType = text.xcconfig; name = "Pods-RealmDemo.debug.xcconfig"; path = "Pods/Target Support Files/Pods-RealmDemo/Pods-RealmDemo.debug.xcconfig"; sourceTree = "<group>"; };
		F4891D595D367B657FFF8AFF /* Pods-RealmDemoUITests.release.xcconfig */ = {isa = PBXFileReference; includeInIndex = 1; lastKnownFileType = text.xcconfig; name = "Pods-RealmDemoUITests.release.xcconfig"; path = "Pods/Target Support Files/Pods-RealmDemoUITests/Pods-RealmDemoUITests.release.xcconfig"; sourceTree = "<group>"; };
/* End PBXFileReference section */

/* Begin PBXFrameworksBuildPhase section */
		2CA98113223F296A00460B66 /* Frameworks */ = {
			isa = PBXFrameworksBuildPhase;
			buildActionMask = 2147483647;
			files = (
				EB688F2B011962ADEF3ADC3F /* Pods_RealmDemo.framework in Frameworks */,
			);
			runOnlyForDeploymentPostprocessing = 0;
		};
		2CA98127223F296D00460B66 /* Frameworks */ = {
			isa = PBXFrameworksBuildPhase;
			buildActionMask = 2147483647;
			files = (
				9F33580E599E845DD81404AF /* Pods_RealmDemoTests.framework in Frameworks */,
			);
			runOnlyForDeploymentPostprocessing = 0;
		};
		2CA98132223F296D00460B66 /* Frameworks */ = {
			isa = PBXFrameworksBuildPhase;
			buildActionMask = 2147483647;
			files = (
				B73E880C44301F6DA5E3BD5E /* Pods_RealmDemoUITests.framework in Frameworks */,
			);
			runOnlyForDeploymentPostprocessing = 0;
		};
/* End PBXFrameworksBuildPhase section */

/* Begin PBXGroup section */
		2CA9810D223F296A00460B66 = {
			isa = PBXGroup;
			children = (
				2CA98118223F296A00460B66 /* RealmDemo */,
				2CA9812D223F296D00460B66 /* RealmDemoTests */,
				2CA98138223F296D00460B66 /* RealmDemoUITests */,
				2CA98117223F296A00460B66 /* Products */,
				DEC3360E0F50D1D736EA11DD /* Pods */,
				CAB0F25274599B78F92B5D6E /* Frameworks */,
			);
			sourceTree = "<group>";
		};
		2CA98117223F296A00460B66 /* Products */ = {
			isa = PBXGroup;
			children = (
				2CA98116223F296A00460B66 /* RealmDemo.app */,
				2CA9812A223F296D00460B66 /* RealmDemoTests.xctest */,
				2CA98135223F296D00460B66 /* RealmDemoUITests.xctest */,
			);
			name = Products;
			sourceTree = "<group>";
		};
		2CA98118223F296A00460B66 /* RealmDemo */ = {
			isa = PBXGroup;
			children = (
				2CA98119223F296A00460B66 /* AppDelegate.swift */,
				2CA9811B223F296A00460B66 /* ViewController.swift */,
				2CA9811D223F296A00460B66 /* Main.storyboard */,
				2CA98120223F296D00460B66 /* Assets.xcassets */,
				2CA98122223F296D00460B66 /* LaunchScreen.storyboard */,
				2CA98125223F296D00460B66 /* Info.plist */,
				2C1F3446224073A700AF28C3 /* Cat.swift */,
				2C1F344822407BAA00AF28C3 /* Person.swift */,
				2C1F344A224098A200AF28C3 /* TableViewCell.swift */,
				2C1F34502241DD9100AF28C3 /* RealmManager.swift */,
				2C1F344C2240991200AF28C3 /* CatManageViewController.swift */,
				2C1F344E22409C5600AF28C3 /* CatTableViewCell.swift */,
			);
			path = RealmDemo;
			sourceTree = "<group>";
		};
		2CA9812D223F296D00460B66 /* RealmDemoTests */ = {
			isa = PBXGroup;
			children = (
				2CA9812E223F296D00460B66 /* RealmDemoTests.swift */,
				2CA98130223F296D00460B66 /* Info.plist */,
			);
			path = RealmDemoTests;
			sourceTree = "<group>";
		};
		2CA98138223F296D00460B66 /* RealmDemoUITests */ = {
			isa = PBXGroup;
			children = (
				2CA98139223F296D00460B66 /* RealmDemoUITests.swift */,
				2CA9813B223F296D00460B66 /* Info.plist */,
			);
			path = RealmDemoUITests;
			sourceTree = "<group>";
		};
		CAB0F25274599B78F92B5D6E /* Frameworks */ = {
			isa = PBXGroup;
			children = (
				E3395EC331ECA8FB8A74DF98 /* Pods_RealmDemo.framework */,
				A7D57D66477EE42B3EB873F3 /* Pods_RealmDemoTests.framework */,
				C362EA8B9480C90401C3EF94 /* Pods_RealmDemoUITests.framework */,
			);
			name = Frameworks;
			sourceTree = "<group>";
		};
		DEC3360E0F50D1D736EA11DD /* Pods */ = {
			isa = PBXGroup;
			children = (
				EB7BE05EA2EB98F362CC42A9 /* Pods-RealmDemo.debug.xcconfig */,
				96E5D858BF1AD55DD0FEF5F4 /* Pods-RealmDemo.release.xcconfig */,
				D65BF7CD095ECD7F624C896B /* Pods-RealmDemoTests.debug.xcconfig */,
				5B35150BC908832A2752866F /* Pods-RealmDemoTests.release.xcconfig */,
				BDF091345122B2F5B6620432 /* Pods-RealmDemoUITests.debug.xcconfig */,
				F4891D595D367B657FFF8AFF /* Pods-RealmDemoUITests.release.xcconfig */,
			);
			name = Pods;
			sourceTree = "<group>";
		};
/* End PBXGroup section */

/* Begin PBXNativeTarget section */
		2CA98115223F296A00460B66 /* RealmDemo */ = {
			isa = PBXNativeTarget;
			buildConfigurationList = 2CA9813E223F296D00460B66 /* Build configuration list for PBXNativeTarget "RealmDemo" */;
			buildPhases = (
				BCE56CF7630297E8461CC37E /* [CP] Check Pods Manifest.lock */,
				2CA98112223F296A00460B66 /* Sources */,
				2CA98113223F296A00460B66 /* Frameworks */,
				2CA98114223F296A00460B66 /* Resources */,
				0D248CBAB90211CAD42E9051 /* [CP] Embed Pods Frameworks */,
			);
			buildRules = (
			);
			dependencies = (
			);
			name = RealmDemo;
			productName = RealmDemo;
			productReference = 2CA98116223F296A00460B66 /* RealmDemo.app */;
			productType = "com.apple.product-type.application";
		};
		2CA98129223F296D00460B66 /* RealmDemoTests */ = {
			isa = PBXNativeTarget;
			buildConfigurationList = 2CA98141223F296D00460B66 /* Build configuration list for PBXNativeTarget "RealmDemoTests" */;
			buildPhases = (
				426CA9D124522EC7CA2A30E2 /* [CP] Check Pods Manifest.lock */,
				2CA98126223F296D00460B66 /* Sources */,
				2CA98127223F296D00460B66 /* Frameworks */,
				2CA98128223F296D00460B66 /* Resources */,
			);
			buildRules = (
			);
			dependencies = (
				2CA9812C223F296D00460B66 /* PBXTargetDependency */,
			);
			name = RealmDemoTests;
			productName = RealmDemoTests;
			productReference = 2CA9812A223F296D00460B66 /* RealmDemoTests.xctest */;
			productType = "com.apple.product-type.bundle.unit-test";
		};
		2CA98134223F296D00460B66 /* RealmDemoUITests */ = {
			isa = PBXNativeTarget;
			buildConfigurationList = 2CA98144223F296D00460B66 /* Build configuration list for PBXNativeTarget "RealmDemoUITests" */;
			buildPhases = (
				27152A14106E78E483D98A64 /* [CP] Check Pods Manifest.lock */,
				2CA98131223F296D00460B66 /* Sources */,
				2CA98132223F296D00460B66 /* Frameworks */,
				2CA98133223F296D00460B66 /* Resources */,
			);
			buildRules = (
			);
			dependencies = (
				2CA98137223F296D00460B66 /* PBXTargetDependency */,
			);
			name = RealmDemoUITests;
			productName = RealmDemoUITests;
			productReference = 2CA98135223F296D00460B66 /* RealmDemoUITests.xctest */;
			productType = "com.apple.product-type.bundle.ui-testing";
		};
/* End PBXNativeTarget section */

/* Begin PBXProject section */
		2CA9810E223F296A00460B66 /* Project object */ = {
			isa = PBXProject;
			attributes = {
				LastSwiftUpdateCheck = 1010;
				LastUpgradeCheck = 1010;
				ORGANIZATIONNAME = trinh.hoang.hai;
				TargetAttributes = {
					2CA98115223F296A00460B66 = {
						CreatedOnToolsVersion = 10.1;
					};
					2CA98129223F296D00460B66 = {
						CreatedOnToolsVersion = 10.1;
						TestTargetID = 2CA98115223F296A00460B66;
					};
					2CA98134223F296D00460B66 = {
						CreatedOnToolsVersion = 10.1;
						TestTargetID = 2CA98115223F296A00460B66;
					};
				};
			};
			buildConfigurationList = 2CA98111223F296A00460B66 /* Build configuration list for PBXProject "RealmDemo" */;
			compatibilityVersion = "Xcode 9.3";
			developmentRegion = en;
			hasScannedForEncodings = 0;
			knownRegions = (
				en,
				Base,
			);
			mainGroup = 2CA9810D223F296A00460B66;
			productRefGroup = 2CA98117223F296A00460B66 /* Products */;
			projectDirPath = "";
			projectRoot = "";
			targets = (
				2CA98115223F296A00460B66 /* RealmDemo */,
				2CA98129223F296D00460B66 /* RealmDemoTests */,
				2CA98134223F296D00460B66 /* RealmDemoUITests */,
			);
		};
/* End PBXProject section */

/* Begin PBXResourcesBuildPhase section */
		2CA98114223F296A00460B66 /* Resources */ = {
			isa = PBXResourcesBuildPhase;
			buildActionMask = 2147483647;
			files = (
				2CA98124223F296D00460B66 /* LaunchScreen.storyboard in Resources */,
				2CA98121223F296D00460B66 /* Assets.xcassets in Resources */,
				2CA9811F223F296A00460B66 /* Main.storyboard in Resources */,
			);
			runOnlyForDeploymentPostprocessing = 0;
		};
		2CA98128223F296D00460B66 /* Resources */ = {
			isa = PBXResourcesBuildPhase;
			buildActionMask = 2147483647;
			files = (
			);
			runOnlyForDeploymentPostprocessing = 0;
		};
		2CA98133223F296D00460B66 /* Resources */ = {
			isa = PBXResourcesBuildPhase;
			buildActionMask = 2147483647;
			files = (
			);
			runOnlyForDeploymentPostprocessing = 0;
		};
/* End PBXResourcesBuildPhase section */

/* Begin PBXShellScriptBuildPhase section */
		0D248CBAB90211CAD42E9051 /* [CP] Embed Pods Frameworks */ = {
			isa = PBXShellScriptBuildPhase;
			buildActionMask = 2147483647;
			files = (
			);
			inputFileListPaths = (
			);
			inputPaths = (
				"${SRCROOT}/Pods/Target Support Files/Pods-RealmDemo/Pods-RealmDemo-frameworks.sh",
				"${BUILT_PRODUCTS_DIR}/Realm/Realm.framework",
				"${BUILT_PRODUCTS_DIR}/RealmSwift/RealmSwift.framework",
			);
			name = "[CP] Embed Pods Frameworks";
			outputFileListPaths = (
			);
			outputPaths = (
				"${TARGET_BUILD_DIR}/${FRAMEWORKS_FOLDER_PATH}/Realm.framework",
				"${TARGET_BUILD_DIR}/${FRAMEWORKS_FOLDER_PATH}/RealmSwift.framework",
			);
			runOnlyForDeploymentPostprocessing = 0;
			shellPath = /bin/sh;
			shellScript = "\"${SRCROOT}/Pods/Target Support Files/Pods-RealmDemo/Pods-RealmDemo-frameworks.sh\"\n";
			showEnvVarsInLog = 0;
		};
		27152A14106E78E483D98A64 /* [CP] Check Pods Manifest.lock */ = {
			isa = PBXShellScriptBuildPhase;
			buildActionMask = 2147483647;
			files = (
			);
			inputFileListPaths = (
			);
			inputPaths = (
				"${PODS_PODFILE_DIR_PATH}/Podfile.lock",
				"${PODS_ROOT}/Manifest.lock",
			);
			name = "[CP] Check Pods Manifest.lock";
			outputFileListPaths = (
			);
			outputPaths = (
				"$(DERIVED_FILE_DIR)/Pods-RealmDemoUITests-checkManifestLockResult.txt",
			);
			runOnlyForDeploymentPostprocessing = 0;
			shellPath = /bin/sh;
			shellScript = "diff \"${PODS_PODFILE_DIR_PATH}/Podfile.lock\" \"${PODS_ROOT}/Manifest.lock\" > /dev/null\nif [ $? != 0 ] ; then\n    # print error to STDERR\n    echo \"error: The sandbox is not in sync with the Podfile.lock. Run 'pod install' or update your CocoaPods installation.\" >&2\n    exit 1\nfi\n# This output is used by Xcode 'outputs' to avoid re-running this script phase.\necho \"SUCCESS\" > \"${SCRIPT_OUTPUT_FILE_0}\"\n";
			showEnvVarsInLog = 0;
		};
		426CA9D124522EC7CA2A30E2 /* [CP] Check Pods Manifest.lock */ = {
			isa = PBXShellScriptBuildPhase;
			buildActionMask = 2147483647;
			files = (
			);
			inputFileListPaths = (
			);
			inputPaths = (
				"${PODS_PODFILE_DIR_PATH}/Podfile.lock",
				"${PODS_ROOT}/Manifest.lock",
			);
			name = "[CP] Check Pods Manifest.lock";
			outputFileListPaths = (
			);
			outputPaths = (
				"$(DERIVED_FILE_DIR)/Pods-RealmDemoTests-checkManifestLockResult.txt",
			);
			runOnlyForDeploymentPostprocessing = 0;
			shellPath = /bin/sh;
			shellScript = "diff \"${PODS_PODFILE_DIR_PATH}/Podfile.lock\" \"${PODS_ROOT}/Manifest.lock\" > /dev/null\nif [ $? != 0 ] ; then\n    # print error to STDERR\n    echo \"error: The sandbox is not in sync with the Podfile.lock. Run 'pod install' or update your CocoaPods installation.\" >&2\n    exit 1\nfi\n# This output is used by Xcode 'outputs' to avoid re-running this script phase.\necho \"SUCCESS\" > \"${SCRIPT_OUTPUT_FILE_0}\"\n";
			showEnvVarsInLog = 0;
		};
		BCE56CF7630297E8461CC37E /* [CP] Check Pods Manifest.lock */ = {
			isa = PBXShellScriptBuildPhase;
			buildActionMask = 2147483647;
			files = (
			);
			inputFileListPaths = (
			);
			inputPaths = (
				"${PODS_PODFILE_DIR_PATH}/Podfile.lock",
				"${PODS_ROOT}/Manifest.lock",
			);
			name = "[CP] Check Pods Manifest.lock";
			outputFileListPaths = (
			);
			outputPaths = (
				"$(DERIVED_FILE_DIR)/Pods-RealmDemo-checkManifestLockResult.txt",
			);
			runOnlyForDeploymentPostprocessing = 0;
			shellPath = /bin/sh;
			shellScript = "diff \"${PODS_PODFILE_DIR_PATH}/Podfile.lock\" \"${PODS_ROOT}/Manifest.lock\" > /dev/null\nif [ $? != 0 ] ; then\n    # print error to STDERR\n    echo \"error: The sandbox is not in sync with the Podfile.lock. Run 'pod install' or update your CocoaPods installation.\" >&2\n    exit 1\nfi\n# This output is used by Xcode 'outputs' to avoid re-running this script phase.\necho \"SUCCESS\" > \"${SCRIPT_OUTPUT_FILE_0}\"\n";
			showEnvVarsInLog = 0;
		};
/* End PBXShellScriptBuildPhase section */

/* Begin PBXSourcesBuildPhase section */
		2CA98112223F296A00460B66 /* Sources */ = {
			isa = PBXSourcesBuildPhase;
			buildActionMask = 2147483647;
			files = (
				2C1F344F22409C5600AF28C3 /* CatTableViewCell.swift in Sources */,
				2C1F34512241DD9100AF28C3 /* RealmManager.swift in Sources */,
				2C1F344B224098A200AF28C3 /* TableViewCell.swift in Sources */,
				2CA9811C223F296A00460B66 /* ViewController.swift in Sources */,
				2CA9811A223F296A00460B66 /* AppDelegate.swift in Sources */,
				2C1F344922407BAA00AF28C3 /* Person.swift in Sources */,
				2C1F344D2240991200AF28C3 /* CatManageViewController.swift in Sources */,
				2C1F3447224073A700AF28C3 /* Cat.swift in Sources */,
			);
			runOnlyForDeploymentPostprocessing = 0;
		};
		2CA98126223F296D00460B66 /* Sources */ = {
			isa = PBXSourcesBuildPhase;
			buildActionMask = 2147483647;
			files = (
				2CA9812F223F296D00460B66 /* RealmDemoTests.swift in Sources */,
			);
			runOnlyForDeploymentPostprocessing = 0;
		};
		2CA98131223F296D00460B66 /* Sources */ = {
			isa = PBXSourcesBuildPhase;
			buildActionMask = 2147483647;
			files = (
				2CA9813A223F296D00460B66 /* RealmDemoUITests.swift in Sources */,
			);
			runOnlyForDeploymentPostprocessing = 0;
		};
/* End PBXSourcesBuildPhase section */

/* Begin PBXTargetDependency section */
		2CA9812C223F296D00460B66 /* PBXTargetDependency */ = {
			isa = PBXTargetDependency;
			target = 2CA98115223F296A00460B66 /* RealmDemo */;
			targetProxy = 2CA9812B223F296D00460B66 /* PBXContainerItemProxy */;
		};
		2CA98137223F296D00460B66 /* PBXTargetDependency */ = {
			isa = PBXTargetDependency;
			target = 2CA98115223F296A00460B66 /* RealmDemo */;
			targetProxy = 2CA98136223F296D00460B66 /* PBXContainerItemProxy */;
		};
/* End PBXTargetDependency section */

/* Begin PBXVariantGroup section */
		2CA9811D223F296A00460B66 /* Main.storyboard */ = {
			isa = PBXVariantGroup;
			children = (
				2CA9811E223F296A00460B66 /* Base */,
			);
			name = Main.storyboard;
			sourceTree = "<group>";
		};
		2CA98122223F296D00460B66 /* LaunchScreen.storyboard */ = {
			isa = PBXVariantGroup;
			children = (
				2CA98123223F296D00460B66 /* Base */,
			);
			name = LaunchScreen.storyboard;
			sourceTree = "<group>";
		};
/* End PBXVariantGroup section */

/* Begin XCBuildConfiguration section */
		2CA9813C223F296D00460B66 /* Debug */ = {
			isa = XCBuildConfiguration;
			buildSettings = {
				ALWAYS_SEARCH_USER_PATHS = NO;
				CLANG_ANALYZER_NONNULL = YES;
				CLANG_ANALYZER_NUMBER_OBJECT_CONVERSION = YES_AGGRESSIVE;
				CLANG_CXX_LANGUAGE_STANDARD = "gnu++14";
				CLANG_CXX_LIBRARY = "libc++";
				CLANG_ENABLE_MODULES = YES;
				CLANG_ENABLE_OBJC_ARC = YES;
				CLANG_ENABLE_OBJC_WEAK = YES;
				CLANG_WARN_BLOCK_CAPTURE_AUTORELEASING = YES;
				CLANG_WARN_BOOL_CONVERSION = YES;
				CLANG_WARN_COMMA = YES;
				CLANG_WARN_CONSTANT_CONVERSION = YES;
				CLANG_WARN_DEPRECATED_OBJC_IMPLEMENTATIONS = YES;
				CLANG_WARN_DIRECT_OBJC_ISA_USAGE = YES_ERROR;
				CLANG_WARN_DOCUMENTATION_COMMENTS = YES;
				CLANG_WARN_EMPTY_BODY = YES;
				CLANG_WARN_ENUM_CONVERSION = YES;
				CLANG_WARN_INFINITE_RECURSION = YES;
				CLANG_WARN_INT_CONVERSION = YES;
				CLANG_WARN_NON_LITERAL_NULL_CONVERSION = YES;
				CLANG_WARN_OBJC_IMPLICIT_RETAIN_SELF = YES;
				CLANG_WARN_OBJC_LITERAL_CONVERSION = YES;
				CLANG_WARN_OBJC_ROOT_CLASS = YES_ERROR;
				CLANG_WARN_RANGE_LOOP_ANALYSIS = YES;
				CLANG_WARN_STRICT_PROTOTYPES = YES;
				CLANG_WARN_SUSPICIOUS_MOVE = YES;
				CLANG_WARN_UNGUARDED_AVAILABILITY = YES_AGGRESSIVE;
				CLANG_WARN_UNREACHABLE_CODE = YES;
				CLANG_WARN__DUPLICATE_METHOD_MATCH = YES;
				CODE_SIGN_IDENTITY = "iPhone Developer";
				COPY_PHASE_STRIP = NO;
				DEBUG_INFORMATION_FORMAT = dwarf;
				ENABLE_STRICT_OBJC_MSGSEND = YES;
				ENABLE_TESTABILITY = YES;
				GCC_C_LANGUAGE_STANDARD = gnu11;
				GCC_DYNAMIC_NO_PIC = NO;
				GCC_NO_COMMON_BLOCKS = YES;
				GCC_OPTIMIZATION_LEVEL = 0;
				GCC_PREPROCESSOR_DEFINITIONS = (
					"DEBUG=1",
					"$(inherited)",
				);
				GCC_WARN_64_TO_32_BIT_CONVERSION = YES;
				GCC_WARN_ABOUT_RETURN_TYPE = YES_ERROR;
				GCC_WARN_UNDECLARED_SELECTOR = YES;
				GCC_WARN_UNINITIALIZED_AUTOS = YES_AGGRESSIVE;
				GCC_WARN_UNUSED_FUNCTION = YES;
				GCC_WARN_UNUSED_VARIABLE = YES;
				IPHONEOS_DEPLOYMENT_TARGET = 12.1;
				MTL_ENABLE_DEBUG_INFO = INCLUDE_SOURCE;
				MTL_FAST_MATH = YES;
				ONLY_ACTIVE_ARCH = YES;
				SDKROOT = iphoneos;
				SWIFT_ACTIVE_COMPILATION_CONDITIONS = DEBUG;
				SWIFT_OPTIMIZATION_LEVEL = "-Onone";
			};
			name = Debug;
		};
		2CA9813D223F296D00460B66 /* Release */ = {
			isa = XCBuildConfiguration;
			buildSettings = {
				ALWAYS_SEARCH_USER_PATHS = NO;
				CLANG_ANALYZER_NONNULL = YES;
				CLANG_ANALYZER_NUMBER_OBJECT_CONVERSION = YES_AGGRESSIVE;
				CLANG_CXX_LANGUAGE_STANDARD = "gnu++14";
				CLANG_CXX_LIBRARY = "libc++";
				CLANG_ENABLE_MODULES = YES;
				CLANG_ENABLE_OBJC_ARC = YES;
				CLANG_ENABLE_OBJC_WEAK = YES;
				CLANG_WARN_BLOCK_CAPTURE_AUTORELEASING = YES;
				CLANG_WARN_BOOL_CONVERSION = YES;
				CLANG_WARN_COMMA = YES;
				CLANG_WARN_CONSTANT_CONVERSION = YES;
				CLANG_WARN_DEPRECATED_OBJC_IMPLEMENTATIONS = YES;
				CLANG_WARN_DIRECT_OBJC_ISA_USAGE = YES_ERROR;
				CLANG_WARN_DOCUMENTATION_COMMENTS = YES;
				CLANG_WARN_EMPTY_BODY = YES;
				CLANG_WARN_ENUM_CONVERSION = YES;
				CLANG_WARN_INFINITE_RECURSION = YES;
				CLANG_WARN_INT_CONVERSION = YES;
				CLANG_WARN_NON_LITERAL_NULL_CONVERSION = YES;
				CLANG_WARN_OBJC_IMPLICIT_RETAIN_SELF = YES;
				CLANG_WARN_OBJC_LITERAL_CONVERSION = YES;
				CLANG_WARN_OBJC_ROOT_CLASS = YES_ERROR;
				CLANG_WARN_RANGE_LOOP_ANALYSIS = YES;
				CLANG_WARN_STRICT_PROTOTYPES = YES;
				CLANG_WARN_SUSPICIOUS_MOVE = YES;
				CLANG_WARN_UNGUARDED_AVAILABILITY = YES_AGGRESSIVE;
				CLANG_WARN_UNREACHABLE_CODE = YES;
				CLANG_WARN__DUPLICATE_METHOD_MATCH = YES;
				CODE_SIGN_IDENTITY = "iPhone Developer";
				COPY_PHASE_STRIP = NO;
				DEBUG_INFORMATION_FORMAT = "dwarf-with-dsym";
				ENABLE_NS_ASSERTIONS = NO;
				ENABLE_STRICT_OBJC_MSGSEND = YES;
				GCC_C_LANGUAGE_STANDARD = gnu11;
				GCC_NO_COMMON_BLOCKS = YES;
				GCC_WARN_64_TO_32_BIT_CONVERSION = YES;
				GCC_WARN_ABOUT_RETURN_TYPE = YES_ERROR;
				GCC_WARN_UNDECLARED_SELECTOR = YES;
				GCC_WARN_UNINITIALIZED_AUTOS = YES_AGGRESSIVE;
				GCC_WARN_UNUSED_FUNCTION = YES;
				GCC_WARN_UNUSED_VARIABLE = YES;
				IPHONEOS_DEPLOYMENT_TARGET = 12.1;
				MTL_ENABLE_DEBUG_INFO = NO;
				MTL_FAST_MATH = YES;
				SDKROOT = iphoneos;
				SWIFT_COMPILATION_MODE = wholemodule;
				SWIFT_OPTIMIZATION_LEVEL = "-O";
				VALIDATE_PRODUCT = YES;
			};
			name = Release;
		};
		2CA9813F223F296D00460B66 /* Debug */ = {
			isa = XCBuildConfiguration;
			baseConfigurationReference = EB7BE05EA2EB98F362CC42A9 /* Pods-RealmDemo.debug.xcconfig */;
			buildSettings = {
				ASSETCATALOG_COMPILER_APPICON_NAME = AppIcon;
				CODE_SIGN_STYLE = Automatic;
				INFOPLIST_FILE = RealmDemo/Info.plist;
				LD_RUNPATH_SEARCH_PATHS = (
					"$(inherited)",
					"@executable_path/Frameworks",
				);
				PRODUCT_BUNDLE_IDENTIFIER = hoenghai.RealmDemo;
				PRODUCT_NAME = "$(TARGET_NAME)";
				SWIFT_VERSION = 4.2;
				TARGETED_DEVICE_FAMILY = "1,2";
			};
			name = Debug;
		};
		2CA98140223F296D00460B66 /* Release */ = {
			isa = XCBuildConfiguration;
			baseConfigurationReference = 96E5D858BF1AD55DD0FEF5F4 /* Pods-RealmDemo.release.xcconfig */;
			buildSettings = {
				ASSETCATALOG_COMPILER_APPICON_NAME = AppIcon;
				CODE_SIGN_STYLE = Automatic;
				INFOPLIST_FILE = RealmDemo/Info.plist;
				LD_RUNPATH_SEARCH_PATHS = (
					"$(inherited)",
					"@executable_path/Frameworks",
				);
				PRODUCT_BUNDLE_IDENTIFIER = hoenghai.RealmDemo;
				PRODUCT_NAME = "$(TARGET_NAME)";
				SWIFT_VERSION = 4.2;
				TARGETED_DEVICE_FAMILY = "1,2";
			};
			name = Release;
		};
		2CA98142223F296D00460B66 /* Debug */ = {
			isa = XCBuildConfiguration;
			baseConfigurationReference = D65BF7CD095ECD7F624C896B /* Pods-RealmDemoTests.debug.xcconfig */;
			buildSettings = {
				ALWAYS_EMBED_SWIFT_STANDARD_LIBRARIES = YES;
				BUNDLE_LOADER = "$(TEST_HOST)";
				CODE_SIGN_STYLE = Automatic;
				INFOPLIST_FILE = RealmDemoTests/Info.plist;
				LD_RUNPATH_SEARCH_PATHS = (
					"$(inherited)",
					"@executable_path/Frameworks",
					"@loader_path/Frameworks",
				);
				PRODUCT_BUNDLE_IDENTIFIER = hoenghai.RealmDemoTests;
				PRODUCT_NAME = "$(TARGET_NAME)";
				SWIFT_VERSION = 4.2;
				TARGETED_DEVICE_FAMILY = "1,2";
				TEST_HOST = "$(BUILT_PRODUCTS_DIR)/RealmDemo.app/RealmDemo";
			};
			name = Debug;
		};
		2CA98143223F296D00460B66 /* Release */ = {
			isa = XCBuildConfiguration;
			baseConfigurationReference = 5B35150BC908832A2752866F /* Pods-RealmDemoTests.release.xcconfig */;
			buildSettings = {
				ALWAYS_EMBED_SWIFT_STANDARD_LIBRARIES = YES;
				BUNDLE_LOADER = "$(TEST_HOST)";
				CODE_SIGN_STYLE = Automatic;
				INFOPLIST_FILE = RealmDemoTests/Info.plist;
				LD_RUNPATH_SEARCH_PATHS = (
					"$(inherited)",
					"@executable_path/Frameworks",
					"@loader_path/Frameworks",
				);
				PRODUCT_BUNDLE_IDENTIFIER = hoenghai.RealmDemoTests;
				PRODUCT_NAME = "$(TARGET_NAME)";
				SWIFT_VERSION = 4.2;
				TARGETED_DEVICE_FAMILY = "1,2";
				TEST_HOST = "$(BUILT_PRODUCTS_DIR)/RealmDemo.app/RealmDemo";
			};
			name = Release;
		};
		2CA98145223F296D00460B66 /* Debug */ = {
			isa = XCBuildConfiguration;
			baseConfigurationReference = BDF091345122B2F5B6620432 /* Pods-RealmDemoUITests.debug.xcconfig */;
			buildSettings = {
				ALWAYS_EMBED_SWIFT_STANDARD_LIBRARIES = YES;
				CODE_SIGN_STYLE = Automatic;
				INFOPLIST_FILE = RealmDemoUITests/Info.plist;
				LD_RUNPATH_SEARCH_PATHS = (
					"$(inherited)",
					"@executable_path/Frameworks",
					"@loader_path/Frameworks",
				);
				PRODUCT_BUNDLE_IDENTIFIER = hoenghai.RealmDemoUITests;
				PRODUCT_NAME = "$(TARGET_NAME)";
				SWIFT_VERSION = 4.2;
				TARGETED_DEVICE_FAMILY = "1,2";
				TEST_TARGET_NAME = RealmDemo;
			};
			name = Debug;
		};
		2CA98146223F296D00460B66 /* Release */ = {
			isa = XCBuildConfiguration;
			baseConfigurationReference = F4891D595D367B657FFF8AFF /* Pods-RealmDemoUITests.release.xcconfig */;
			buildSettings = {
				ALWAYS_EMBED_SWIFT_STANDARD_LIBRARIES = YES;
				CODE_SIGN_STYLE = Automatic;
				INFOPLIST_FILE = RealmDemoUITests/Info.plist;
				LD_RUNPATH_SEARCH_PATHS = (
					"$(inherited)",
					"@executable_path/Frameworks",
					"@loader_path/Frameworks",
				);
				PRODUCT_BUNDLE_IDENTIFIER = hoenghai.RealmDemoUITests;
				PRODUCT_NAME = "$(TARGET_NAME)";
				SWIFT_VERSION = 4.2;
				TARGETED_DEVICE_FAMILY = "1,2";
				TEST_TARGET_NAME = RealmDemo;
			};
			name = Release;
		};
/* End XCBuildConfiguration section */

/* Begin XCConfigurationList section */
		2CA98111223F296A00460B66 /* Build configuration list for PBXProject "RealmDemo" */ = {
			isa = XCConfigurationList;
			buildConfigurations = (
				2CA9813C223F296D00460B66 /* Debug */,
				2CA9813D223F296D00460B66 /* Release */,
			);
			defaultConfigurationIsVisible = 0;
			defaultConfigurationName = Release;
		};
		2CA9813E223F296D00460B66 /* Build configuration list for PBXNativeTarget "RealmDemo" */ = {
			isa = XCConfigurationList;
			buildConfigurations = (
				2CA9813F223F296D00460B66 /* Debug */,
				2CA98140223F296D00460B66 /* Release */,
			);
			defaultConfigurationIsVisible = 0;
			defaultConfigurationName = Release;
		};
		2CA98141223F296D00460B66 /* Build configuration list for PBXNativeTarget "RealmDemoTests" */ = {
			isa = XCConfigurationList;
			buildConfigurations = (
				2CA98142223F296D00460B66 /* Debug */,
				2CA98143223F296D00460B66 /* Release */,
			);
			defaultConfigurationIsVisible = 0;
			defaultConfigurationName = Release;
		};
		2CA98144223F296D00460B66 /* Build configuration list for PBXNativeTarget "RealmDemoUITests" */ = {
			isa = XCConfigurationList;
			buildConfigurations = (
				2CA98145223F296D00460B66 /* Debug */,
				2CA98146223F296D00460B66 /* Release */,
			);
			defaultConfigurationIsVisible = 0;
			defaultConfigurationName = Release;
		};
/* End XCConfigurationList section */
	};
	rootObject = 2CA9810E223F296A00460B66 /* Project object */;
}
